<?xml version="1.0" encoding="utf-8"?>
<Project ToolsVersion="4.0" xmlns="http://schemas.microsoft.com/developer/msbuild/2003">
  <ItemGroup>
    <Filter Include="Source Files">
      <UniqueIdentifier>{4FC737F1-C7A5-4376-A066-2A32D752A2FF}</UniqueIdentifier>
      <Extensions>cpp;c;cc;cxx;def;odl;idl;hpj;bat;asm;asmx</Extensions>
    </Filter>
    <Filter Include="Header Files">
      <UniqueIdentifier>{93995380-89BD-4b04-88EB-625FBE52EBFB}</UniqueIdentifier>
      <Extensions>h;hh;hpp;hxx;hm;inl;inc;xsd</Extensions>
    </Filter>
    <Filter Include="Resource Files">
      <UniqueIdentifier>{67DA6AB6-F800-4c08-8B7A-83BB121AAD01}</UniqueIdentifier>
      <Extensions>rc;ico;cur;bmp;dlg;rc2;rct;bin;rgs;gif;jpg;jpeg;jpe;resx;tiff;tif;png;wav;mfcribbon-ms</Extensions>
    </Filter>
  </ItemGroup>
  <ItemGroup>
    <ClInclude Include="CompilerCore.h">
      <Filter>Header Files</Filter>
    </ClInclude>
    <ClInclude Include="Stdafx.h">
      <Filter>Header Files</Filter>
    </ClInclude>
    <ClInclude Include="resource.h">
      <Filter>Header Files</Filter>
    </ClInclude>
    <ClInclude Include="ErrorModule.h">
      <Filter>Header Files</Filter>
    </ClInclude>
    <ClInclude Include="Token.h">
      <Filter>Header Files</Filter>
    </ClInclude>
    <ClInclude Include="LexAnalyzer.h">
      <Filter>Header Files</Filter>
    </ClInclude>
    <ClInclude Include="SymTable.h">
      <Filter>Header Files</Filter>
    </ClInclude>
    <ClInclude Include="GlobalNode.h">
      <Filter>Header Files</Filter>
    </ClInclude>
    <ClInclude Include="LocalNode.h">
      <Filter>Header Files</Filter>
    </ClInclude>
    <ClInclude Include="SynAnalyzer.h">
      <Filter>Header Files</Filter>
    </ClInclude>
    <ClInclude Include="SynState.h">
      <Filter>Header Files</Filter>
    </ClInclude>
    <ClInclude Include="SynState_Program.h">
      <Filter>Header Files</Filter>
    </ClInclude>
    <ClInclude Include="SynState_Var.h">
      <Filter>Header Files</Filter>
    </ClInclude>
    <ClInclude Include="SynState_Function.h">
      <Filter>Header Files</Filter>
    </ClInclude>
    <ClInclude Include="SynState_Param.h">
      <Filter>Header Files</Filter>
    </ClInclude>
    <ClInclude Include="SynState_FunctionBlock.h">
      <Filter>Header Files</Filter>
    </ClInclude>
    <ClInclude Include="SynState_Statements.h">
      <Filter>Header Files</Filter>
    </ClInclude>
    <ClInclude Include="SynState_StatementBlock.h">
      <Filter>Header Files</Filter>
    </ClInclude>
    <ClInclude Include="SemAnalyzer.h">
      <Filter>Header Files</Filter>
    </ClInclude>
    <ClInclude Include="ExpLog.h">
      <Filter>Header Files</Filter>
    </ClInclude>
    <ClInclude Include="ExpLogTreeNode.h">
      <Filter>Header Files</Filter>
    </ClInclude>
  </ItemGroup>
  <ItemGroup>
    <ClCompile Include="CompilerCore.cpp">
      <Filter>Source Files</Filter>
    </ClCompile>
    <ClCompile Include="AssemblyInfo.cpp">
      <Filter>Source Files</Filter>
    </ClCompile>
    <ClCompile Include="Stdafx.cpp">
      <Filter>Source Files</Filter>
    </ClCompile>
    <ClCompile Include="ErrorModule.cpp">
      <Filter>Source Files</Filter>
    </ClCompile>
    <ClCompile Include="Token.cpp">
      <Filter>Source Files</Filter>
    </ClCompile>
    <ClCompile Include="LexAnalyzer.cpp">
      <Filter>Source Files</Filter>
    </ClCompile>
    <ClCompile Include="SymTable.cpp">
      <Filter>Source Files</Filter>
    </ClCompile>
    <ClCompile Include="GlobalNode.cpp">
      <Filter>Source Files</Filter>
    </ClCompile>
    <ClCompile Include="LocalNode.cpp">
      <Filter>Source Files</Filter>
    </ClCompile>
    <ClCompile Include="SynAnalyzer.cpp">
      <Filter>Source Files</Filter>
    </ClCompile>
    <ClCompile Include="SynState.cpp">
      <Filter>Source Files</Filter>
    </ClCompile>
    <ClCompile Include="SynState_Program.cpp">
      <Filter>Source Files</Filter>
    </ClCompile>
    <ClCompile Include="SynState_Var.cpp">
      <Filter>Source Files</Filter>
    </ClCompile>
    <ClCompile Include="SynState_Function.cpp">
      <Filter>Source Files</Filter>
    </ClCompile>
    <ClCompile Include="SynState_Param.cpp">
      <Filter>Source Files</Filter>
    </ClCompile>
    <ClCompile Include="SynState_FunctionBlock.cpp">
      <Filter>Source Files</Filter>
    </ClCompile>
    <ClCompile Include="SynState_Statements.cpp">
      <Filter>Source Files</Filter>
    </ClCompile>
    <ClCompile Include="SynState_StatementBlock.cpp">
      <Filter>Source Files</Filter>
    </ClCompile>
    <ClCompile Include="SemAnalyzer.cpp">
      <Filter>Source Files</Filter>
    </ClCompile>
    <ClCompile Include="ExpLog.cpp">
      <Filter>Source Files</Filter>
    </ClCompile>
    <ClCompile Include="ExpLogTreeNode.cpp">
      <Filter>Source Files</Filter>
    </ClCompile>
  </ItemGroup>
  <ItemGroup>
    <Text Include="ReadMe.txt" />
  </ItemGroup>
  <ItemGroup>
    <ResourceCompile Include="app.rc">
      <Filter>Resource Files</Filter>
    </ResourceCompile>
  </ItemGroup>
  <ItemGroup>
    <Image Include="app.ico">
      <Filter>Resource Files</Filter>
    </Image>
  </ItemGroup>
</Project>